
Microsoft Visual Studio Solution File, Format Version 12.00
# Visual Studio Version 17
VisualStudioVersion = 17.8.34525.116
MinimumVisualStudioVersion = 10.0.40219.1
Project("{FAE04EC0-301F-11D3-BF4B-00C04F79EFBC}") = "Laba11", "Laba11\Laba11.csproj", "{EC59BEE0-28EC-4BE1-97AB-200B8C36BA49}"
EndProject
Global
	GlobalSection(SolutionConfigurationPlatforms) = preSolution
		Debug|Any CPU = Debug|Any CPU
		Release|Any CPU = Release|Any CPU
	EndGlobalSection
	GlobalSection(ProjectConfigurationPlatforms) = postSolution
		{EC59BEE0-28EC-4BE1-97AB-200B8C36BA49}.Debug|Any CPU.ActiveCfg = Debug|Any CPU
		{EC59BEE0-28EC-4BE1-97AB-200B8C36BA49}.Debug|Any CPU.Build.0 = Debug|Any CPU
		{EC59BEE0-28EC-4BE1-97AB-200B8C36BA49}.Release|Any CPU.ActiveCfg = Release|Any CPU
		{EC59BEE0-28EC-4BE1-97AB-200B8C36BA49}.Release|Any CPU.Build.0 = Release|Any CPU
	EndGlobalSection
	GlobalSection(SolutionProperties) = preSolution
		HideSolutionNode = FALSE
	EndGlobalSection
	GlobalSection(ExtensibilityGlobals) = postSolution
		SolutionGuid = {640C8201-DD76-429B-A343-872E33CA0AAF}
	EndGlobalSection
EndGlobal
